
Microsoft Visual Studio Solution File, Format Version 12.00
# Visual Studio Version 17
VisualStudioVersion = 17.7.34031.279
MinimumVisualStudioVersion = 10.0.40219.1
Project("{FAE04EC0-301F-11D3-BF4B-00C04F79EFBC}") = "Lab2Anikina", "Lab2Anikina\Lab2Anikina.csproj", "{C5C29AB6-A7FE-4158-94AC-2C6A4D3AC4CC}"
EndProject
Global
	GlobalSection(SolutionConfigurationPlatforms) = preSolution
		Debug|Any CPU = Debug|Any CPU
		Release|Any CPU = Release|Any CPU
	EndGlobalSection
	GlobalSection(ProjectConfigurationPlatforms) = postSolution
		{C5C29AB6-A7FE-4158-94AC-2C6A4D3AC4CC}.Debug|Any CPU.ActiveCfg = Debug|Any CPU
		{C5C29AB6-A7FE-4158-94AC-2C6A4D3AC4CC}.Debug|Any CPU.Build.0 = Debug|Any CPU
		{C5C29AB6-A7FE-4158-94AC-2C6A4D3AC4CC}.Release|Any CPU.ActiveCfg = Release|Any CPU
		{C5C29AB6-A7FE-4158-94AC-2C6A4D3AC4CC}.Release|Any CPU.Build.0 = Release|Any CPU
	EndGlobalSection
	GlobalSection(SolutionProperties) = preSolution
		HideSolutionNode = FALSE
	EndGlobalSection
	GlobalSection(ExtensibilityGlobals) = postSolution
		SolutionGuid = {4CA57FD4-2B74-430B-8731-52B05BF5305B}
	EndGlobalSection
EndGlobal
